
Microsoft Visual Studio Solution File, Format Version 12.00
# Visual Studio Version 17
VisualStudioVersion = 17.9.34728.123
MinimumVisualStudioVersion = 10.0.40219.1
Project("{9A19103F-16F7-4668-BE54-9A1E7A4F7556}") = "dotnet-8-clean-architecture", "dotnet-8-clean-architecture\dotnet-8-clean-architecture.csproj", "{EF4D32BC-67B8-4243-A138-CA69B2D9D317}"
EndProject
Project("{2150E333-8FDC-42A3-9474-1A3956D46DE8}") = "src", "src", "{A4AFB074-2D0C-4C6E-BB1C-32CB3AF750B4}"
EndProject
Project("{2150E333-8FDC-42A3-9474-1A3956D46DE8}") = "Infrastructure", "Infrastructure", "{A282CE60-D492-472C-9A42-FFFA461A0743}"
EndProject
Project("{2150E333-8FDC-42A3-9474-1A3956D46DE8}") = "Core", "Core", "{DCF73132-055D-4D5B-853F-CD963A01C1BC}"
EndProject
Project("{9A19103F-16F7-4668-BE54-9A1E7A4F7556}") = "Application", "src\Core\Application\Application.csproj", "{DB8CB0B6-A583-41BF-9A9D-D59C75D81ECE}"
EndProject
Project("{9A19103F-16F7-4668-BE54-9A1E7A4F7556}") = "Domain", "src\Core\Domain\Domain.csproj", "{61FB202A-0D5D-4149-B7F3-435AC4F5A84C}"
EndProject
Project("{9A19103F-16F7-4668-BE54-9A1E7A4F7556}") = "Shared", "src\Core\Shared\Shared.csproj", "{ADD7D04C-41DD-4F16-90B1-E3768A57FF7A}"
EndProject
Global
	GlobalSection(SolutionConfigurationPlatforms) = preSolution
		Debug|Any CPU = Debug|Any CPU
		Release|Any CPU = Release|Any CPU
	EndGlobalSection
	GlobalSection(ProjectConfigurationPlatforms) = postSolution
		{EF4D32BC-67B8-4243-A138-CA69B2D9D317}.Debug|Any CPU.ActiveCfg = Debug|Any CPU
		{EF4D32BC-67B8-4243-A138-CA69B2D9D317}.Debug|Any CPU.Build.0 = Debug|Any CPU
		{EF4D32BC-67B8-4243-A138-CA69B2D9D317}.Release|Any CPU.ActiveCfg = Release|Any CPU
		{EF4D32BC-67B8-4243-A138-CA69B2D9D317}.Release|Any CPU.Build.0 = Release|Any CPU
		{DB8CB0B6-A583-41BF-9A9D-D59C75D81ECE}.Debug|Any CPU.ActiveCfg = Debug|Any CPU
		{DB8CB0B6-A583-41BF-9A9D-D59C75D81ECE}.Debug|Any CPU.Build.0 = Debug|Any CPU
		{DB8CB0B6-A583-41BF-9A9D-D59C75D81ECE}.Release|Any CPU.ActiveCfg = Release|Any CPU
		{DB8CB0B6-A583-41BF-9A9D-D59C75D81ECE}.Release|Any CPU.Build.0 = Release|Any CPU
		{61FB202A-0D5D-4149-B7F3-435AC4F5A84C}.Debug|Any CPU.ActiveCfg = Debug|Any CPU
		{61FB202A-0D5D-4149-B7F3-435AC4F5A84C}.Debug|Any CPU.Build.0 = Debug|Any CPU
		{61FB202A-0D5D-4149-B7F3-435AC4F5A84C}.Release|Any CPU.ActiveCfg = Release|Any CPU
		{61FB202A-0D5D-4149-B7F3-435AC4F5A84C}.Release|Any CPU.Build.0 = Release|Any CPU
		{ADD7D04C-41DD-4F16-90B1-E3768A57FF7A}.Debug|Any CPU.ActiveCfg = Debug|Any CPU
		{ADD7D04C-41DD-4F16-90B1-E3768A57FF7A}.Debug|Any CPU.Build.0 = Debug|Any CPU
		{ADD7D04C-41DD-4F16-90B1-E3768A57FF7A}.Release|Any CPU.ActiveCfg = Release|Any CPU
		{ADD7D04C-41DD-4F16-90B1-E3768A57FF7A}.Release|Any CPU.Build.0 = Release|Any CPU
	EndGlobalSection
	GlobalSection(SolutionProperties) = preSolution
		HideSolutionNode = FALSE
	EndGlobalSection
	GlobalSection(NestedProjects) = preSolution
		{A282CE60-D492-472C-9A42-FFFA461A0743} = {A4AFB074-2D0C-4C6E-BB1C-32CB3AF750B4}
		{DCF73132-055D-4D5B-853F-CD963A01C1BC} = {A4AFB074-2D0C-4C6E-BB1C-32CB3AF750B4}
		{DB8CB0B6-A583-41BF-9A9D-D59C75D81ECE} = {DCF73132-055D-4D5B-853F-CD963A01C1BC}
		{61FB202A-0D5D-4149-B7F3-435AC4F5A84C} = {DCF73132-055D-4D5B-853F-CD963A01C1BC}
		{ADD7D04C-41DD-4F16-90B1-E3768A57FF7A} = {DCF73132-055D-4D5B-853F-CD963A01C1BC}
	EndGlobalSection
	GlobalSection(ExtensibilityGlobals) = postSolution
		SolutionGuid = {FF7D1FFB-7845-46AD-9DC1-354A506FB352}
	EndGlobalSection
EndGlobal
