
Microsoft Visual Studio Solution File, Format Version 12.00
# Visual Studio Version 17
VisualStudioVersion = 17.9.34728.123
MinimumVisualStudioVersion = 10.0.40219.1
Project("{9A19103F-16F7-4668-BE54-9A1E7A4F7556}") = "dotnet-8-clean-architecture", "dotnet-8-clean-architecture\dotnet-8-clean-architecture.csproj", "{EF4D32BC-67B8-4243-A138-CA69B2D9D317}"
EndProject
Project("{2150E333-8FDC-42A3-9474-1A3956D46DE8}") = "src", "src", "{A4AFB074-2D0C-4C6E-BB1C-32CB3AF750B4}"
EndProject
Project("{2150E333-8FDC-42A3-9474-1A3956D46DE8}") = "Infrastructures", "Infrastructures", "{A282CE60-D492-472C-9A42-FFFA461A0743}"
EndProject
Project("{2150E333-8FDC-42A3-9474-1A3956D46DE8}") = "Core", "Core", "{DCF73132-055D-4D5B-853F-CD963A01C1BC}"
EndProject
Project("{2150E333-8FDC-42A3-9474-1A3956D46DE8}") = "Solution Items", "Solution Items", "{F134DE5F-A897-4D9C-8A6A-FE4148255572}"
EndProject
Project("{2150E333-8FDC-42A3-9474-1A3956D46DE8}") = "Presentations", "Presentations", "{1DA0A997-D495-5CC2-4E04-A277B6E43B18}"
EndProject
Project("{9A19103F-16F7-4668-BE54-9A1E7A4F7556}") = "Host_Pasistence", "src\Presentations\Host_Pasistence\Host_Pasistence.csproj", "{CFAB2570-3035-4AD5-B6C9-948D77FD44D7}"
EndProject
Project("{2150E333-8FDC-42A3-9474-1A3956D46DE8}") = "CoreLibrarys", "CoreLibrarys", "{ECD5DF50-2AE5-44EB-A324-F2CC039EFBDB}"
EndProject
Project("{9A19103F-16F7-4668-BE54-9A1E7A4F7556}") = "Application", "src\CoreLibrarys\Application\Application.csproj", "{F46D81A8-B681-45F8-A8CB-33790BFDB626}"
EndProject
Project("{9A19103F-16F7-4668-BE54-9A1E7A4F7556}") = "Domain", "src\CoreLibrarys\Domain\Domain.csproj", "{F05E8945-C762-4D26-A05D-485C7616374A}"
EndProject
Project("{9A19103F-16F7-4668-BE54-9A1E7A4F7556}") = "Shared", "src\CoreLibrarys\Shared\Shared.csproj", "{CC92755A-362F-469F-AC7E-B2B5B28096C4}"
EndProject
Project("{9A19103F-16F7-4668-BE54-9A1E7A4F7556}") = "Application", "src\Core\Application\Application.csproj", "{1188E21A-41EC-42F1-BF21-85E1225D80C4}"
EndProject
Project("{9A19103F-16F7-4668-BE54-9A1E7A4F7556}") = "Domain", "src\Core\Domain\Domain.csproj", "{60E26665-8703-4931-8C3D-23087933ED6F}"
EndProject
Project("{9A19103F-16F7-4668-BE54-9A1E7A4F7556}") = "Infrastructure_Pasistence", "src\Infrastructures\Infrastructure_Pasistence\Infrastructure_Pasistence.csproj", "{7DB6E341-B0FE-4AF8-BB03-EBD68003ACDD}"
EndProject
Project("{9A19103F-16F7-4668-BE54-9A1E7A4F7556}") = "Infrastructure", "src\Infrastructures\Infrastructure\Infrastructure.csproj", "{B04E2CE5-0796-45AD-A03B-D87D0956D426}"
EndProject
Global
	GlobalSection(SolutionConfigurationPlatforms) = preSolution
		Debug|Any CPU = Debug|Any CPU
		Release|Any CPU = Release|Any CPU
	EndGlobalSection
	GlobalSection(ProjectConfigurationPlatforms) = postSolution
		{EF4D32BC-67B8-4243-A138-CA69B2D9D317}.Debug|Any CPU.ActiveCfg = Debug|Any CPU
		{EF4D32BC-67B8-4243-A138-CA69B2D9D317}.Debug|Any CPU.Build.0 = Debug|Any CPU
		{EF4D32BC-67B8-4243-A138-CA69B2D9D317}.Release|Any CPU.ActiveCfg = Release|Any CPU
		{EF4D32BC-67B8-4243-A138-CA69B2D9D317}.Release|Any CPU.Build.0 = Release|Any CPU
		{CFAB2570-3035-4AD5-B6C9-948D77FD44D7}.Debug|Any CPU.ActiveCfg = Debug|Any CPU
		{CFAB2570-3035-4AD5-B6C9-948D77FD44D7}.Debug|Any CPU.Build.0 = Debug|Any CPU
		{CFAB2570-3035-4AD5-B6C9-948D77FD44D7}.Release|Any CPU.ActiveCfg = Release|Any CPU
		{CFAB2570-3035-4AD5-B6C9-948D77FD44D7}.Release|Any CPU.Build.0 = Release|Any CPU
		{F46D81A8-B681-45F8-A8CB-33790BFDB626}.Debug|Any CPU.ActiveCfg = Debug|Any CPU
		{F46D81A8-B681-45F8-A8CB-33790BFDB626}.Debug|Any CPU.Build.0 = Debug|Any CPU
		{F46D81A8-B681-45F8-A8CB-33790BFDB626}.Release|Any CPU.ActiveCfg = Release|Any CPU
		{F46D81A8-B681-45F8-A8CB-33790BFDB626}.Release|Any CPU.Build.0 = Release|Any CPU
		{F05E8945-C762-4D26-A05D-485C7616374A}.Debug|Any CPU.ActiveCfg = Debug|Any CPU
		{F05E8945-C762-4D26-A05D-485C7616374A}.Debug|Any CPU.Build.0 = Debug|Any CPU
		{F05E8945-C762-4D26-A05D-485C7616374A}.Release|Any CPU.ActiveCfg = Release|Any CPU
		{F05E8945-C762-4D26-A05D-485C7616374A}.Release|Any CPU.Build.0 = Release|Any CPU
		{CC92755A-362F-469F-AC7E-B2B5B28096C4}.Debug|Any CPU.ActiveCfg = Debug|Any CPU
		{CC92755A-362F-469F-AC7E-B2B5B28096C4}.Debug|Any CPU.Build.0 = Debug|Any CPU
		{CC92755A-362F-469F-AC7E-B2B5B28096C4}.Release|Any CPU.ActiveCfg = Release|Any CPU
		{CC92755A-362F-469F-AC7E-B2B5B28096C4}.Release|Any CPU.Build.0 = Release|Any CPU
		{1188E21A-41EC-42F1-BF21-85E1225D80C4}.Debug|Any CPU.ActiveCfg = Debug|Any CPU
		{1188E21A-41EC-42F1-BF21-85E1225D80C4}.Debug|Any CPU.Build.0 = Debug|Any CPU
		{1188E21A-41EC-42F1-BF21-85E1225D80C4}.Release|Any CPU.ActiveCfg = Release|Any CPU
		{1188E21A-41EC-42F1-BF21-85E1225D80C4}.Release|Any CPU.Build.0 = Release|Any CPU
		{60E26665-8703-4931-8C3D-23087933ED6F}.Debug|Any CPU.ActiveCfg = Debug|Any CPU
		{60E26665-8703-4931-8C3D-23087933ED6F}.Debug|Any CPU.Build.0 = Debug|Any CPU
		{60E26665-8703-4931-8C3D-23087933ED6F}.Release|Any CPU.ActiveCfg = Release|Any CPU
		{60E26665-8703-4931-8C3D-23087933ED6F}.Release|Any CPU.Build.0 = Release|Any CPU
		{7DB6E341-B0FE-4AF8-BB03-EBD68003ACDD}.Debug|Any CPU.ActiveCfg = Debug|Any CPU
		{7DB6E341-B0FE-4AF8-BB03-EBD68003ACDD}.Debug|Any CPU.Build.0 = Debug|Any CPU
		{7DB6E341-B0FE-4AF8-BB03-EBD68003ACDD}.Release|Any CPU.ActiveCfg = Release|Any CPU
		{7DB6E341-B0FE-4AF8-BB03-EBD68003ACDD}.Release|Any CPU.Build.0 = Release|Any CPU
		{B04E2CE5-0796-45AD-A03B-D87D0956D426}.Debug|Any CPU.ActiveCfg = Debug|Any CPU
		{B04E2CE5-0796-45AD-A03B-D87D0956D426}.Debug|Any CPU.Build.0 = Debug|Any CPU
		{B04E2CE5-0796-45AD-A03B-D87D0956D426}.Release|Any CPU.ActiveCfg = Release|Any CPU
		{B04E2CE5-0796-45AD-A03B-D87D0956D426}.Release|Any CPU.Build.0 = Release|Any CPU
	EndGlobalSection
	GlobalSection(SolutionProperties) = preSolution
		HideSolutionNode = FALSE
	EndGlobalSection
	GlobalSection(NestedProjects) = preSolution
		{A282CE60-D492-472C-9A42-FFFA461A0743} = {A4AFB074-2D0C-4C6E-BB1C-32CB3AF750B4}
		{DCF73132-055D-4D5B-853F-CD963A01C1BC} = {A4AFB074-2D0C-4C6E-BB1C-32CB3AF750B4}
		{1DA0A997-D495-5CC2-4E04-A277B6E43B18} = {A4AFB074-2D0C-4C6E-BB1C-32CB3AF750B4}
		{CFAB2570-3035-4AD5-B6C9-948D77FD44D7} = {1DA0A997-D495-5CC2-4E04-A277B6E43B18}
		{ECD5DF50-2AE5-44EB-A324-F2CC039EFBDB} = {A4AFB074-2D0C-4C6E-BB1C-32CB3AF750B4}
		{F46D81A8-B681-45F8-A8CB-33790BFDB626} = {ECD5DF50-2AE5-44EB-A324-F2CC039EFBDB}
		{F05E8945-C762-4D26-A05D-485C7616374A} = {ECD5DF50-2AE5-44EB-A324-F2CC039EFBDB}
		{CC92755A-362F-469F-AC7E-B2B5B28096C4} = {ECD5DF50-2AE5-44EB-A324-F2CC039EFBDB}
		{1188E21A-41EC-42F1-BF21-85E1225D80C4} = {DCF73132-055D-4D5B-853F-CD963A01C1BC}
		{60E26665-8703-4931-8C3D-23087933ED6F} = {DCF73132-055D-4D5B-853F-CD963A01C1BC}
		{7DB6E341-B0FE-4AF8-BB03-EBD68003ACDD} = {A282CE60-D492-472C-9A42-FFFA461A0743}
		{B04E2CE5-0796-45AD-A03B-D87D0956D426} = {A282CE60-D492-472C-9A42-FFFA461A0743}
	EndGlobalSection
	GlobalSection(ExtensibilityGlobals) = postSolution
		SolutionGuid = {FF7D1FFB-7845-46AD-9DC1-354A506FB352}
	EndGlobalSection
EndGlobal
